
Microsoft Visual Studio Solution File, Format Version 12.00
# Visual Studio Version 16
VisualStudioVersion = 16.0.30002.166
MinimumVisualStudioVersion = 10.0.40219.1
Project("{FAE04EC0-301F-11D3-BF4B-00C04F79EFBC}") = "NetIpc.Common", "NetIpc.Common\NetIpc.Common.csproj", "{06405E45-3579-4FC2-941E-333204EF2D3C}"
EndProject
Project("{FAE04EC0-301F-11D3-BF4B-00C04F79EFBC}") = "NetIpc.NamedPipes", "NetIpc.NamedPipes\NetIpc.NamedPipes.csproj", "{4209C53B-8395-4AD1-A0E9-3DCE8F1C9A57}"
EndProject
Project("{FAE04EC0-301F-11D3-BF4B-00C04F79EFBC}") = "NetIpc.Sample.NamedPipeClient", "NetIpc.Sample.NamedPipeClient\NetIpc.Sample.NamedPipeClient.csproj", "{068290C4-1647-4659-992C-5B7007BE8639}"
EndProject
Project("{FAE04EC0-301F-11D3-BF4B-00C04F79EFBC}") = "NetIpc.Sample.NamedPipeCommon", "NetIpc.Sample.NamedPipeCommon\NetIpc.Sample.NamedPipeCommon.csproj", "{2E7BA2E8-F847-4EF1-ACF0-498921A1461B}"
EndProject
Project("{FAE04EC0-301F-11D3-BF4B-00C04F79EFBC}") = "NetIpc.Sample.NamedPipeServer", "NetIpc.Sample.NamedPipeServer\NetIpc.Sample.NamedPipeServer.csproj", "{166FF31D-C333-433D-9E21-18C9D56AE514}"
EndProject
Global
	GlobalSection(SolutionConfigurationPlatforms) = preSolution
		Debug|Any CPU = Debug|Any CPU
		Release|Any CPU = Release|Any CPU
	EndGlobalSection
	GlobalSection(ProjectConfigurationPlatforms) = postSolution
		{06405E45-3579-4FC2-941E-333204EF2D3C}.Debug|Any CPU.ActiveCfg = Debug|Any CPU
		{06405E45-3579-4FC2-941E-333204EF2D3C}.Debug|Any CPU.Build.0 = Debug|Any CPU
		{06405E45-3579-4FC2-941E-333204EF2D3C}.Release|Any CPU.ActiveCfg = Release|Any CPU
		{06405E45-3579-4FC2-941E-333204EF2D3C}.Release|Any CPU.Build.0 = Release|Any CPU
		{4209C53B-8395-4AD1-A0E9-3DCE8F1C9A57}.Debug|Any CPU.ActiveCfg = Debug|Any CPU
		{4209C53B-8395-4AD1-A0E9-3DCE8F1C9A57}.Debug|Any CPU.Build.0 = Debug|Any CPU
		{4209C53B-8395-4AD1-A0E9-3DCE8F1C9A57}.Release|Any CPU.ActiveCfg = Release|Any CPU
		{4209C53B-8395-4AD1-A0E9-3DCE8F1C9A57}.Release|Any CPU.Build.0 = Release|Any CPU
		{068290C4-1647-4659-992C-5B7007BE8639}.Debug|Any CPU.ActiveCfg = Debug|Any CPU
		{068290C4-1647-4659-992C-5B7007BE8639}.Debug|Any CPU.Build.0 = Debug|Any CPU
		{068290C4-1647-4659-992C-5B7007BE8639}.Release|Any CPU.ActiveCfg = Release|Any CPU
		{068290C4-1647-4659-992C-5B7007BE8639}.Release|Any CPU.Build.0 = Release|Any CPU
		{2E7BA2E8-F847-4EF1-ACF0-498921A1461B}.Debug|Any CPU.ActiveCfg = Debug|Any CPU
		{2E7BA2E8-F847-4EF1-ACF0-498921A1461B}.Debug|Any CPU.Build.0 = Debug|Any CPU
		{2E7BA2E8-F847-4EF1-ACF0-498921A1461B}.Release|Any CPU.ActiveCfg = Release|Any CPU
		{2E7BA2E8-F847-4EF1-ACF0-498921A1461B}.Release|Any CPU.Build.0 = Release|Any CPU
		{166FF31D-C333-433D-9E21-18C9D56AE514}.Debug|Any CPU.ActiveCfg = Debug|Any CPU
		{166FF31D-C333-433D-9E21-18C9D56AE514}.Debug|Any CPU.Build.0 = Debug|Any CPU
		{166FF31D-C333-433D-9E21-18C9D56AE514}.Release|Any CPU.ActiveCfg = Release|Any CPU
		{166FF31D-C333-433D-9E21-18C9D56AE514}.Release|Any CPU.Build.0 = Release|Any CPU
	EndGlobalSection
	GlobalSection(SolutionProperties) = preSolution
		HideSolutionNode = FALSE
	EndGlobalSection
	GlobalSection(ExtensibilityGlobals) = postSolution
		SolutionGuid = {DD40A10E-BC7A-441B-BCF5-64B0E8DB74A2}
	EndGlobalSection
EndGlobal
